
Microsoft Visual Studio Solution File, Format Version 12.00
# Visual Studio 2017
Project("{FAE04EC0-301F-11D3-BF4B-00C04F79EFBC}") = "TareaBezier", "TareaBezier.csproj", "{30AF4E57-D3F4-5FEE-A360-717E1617E131}"
EndProject
Global
	GlobalSection(SolutionConfigurationPlatforms) = preSolution
		Debug|Any CPU = Debug|Any CPU
		Release|Any CPU = Release|Any CPU
	EndGlobalSection
	GlobalSection(ProjectConfigurationPlatforms) = postSolution
		{30AF4E57-D3F4-5FEE-A360-717E1617E131}.Debug|Any CPU.ActiveCfg = Debug|Any CPU
		{30AF4E57-D3F4-5FEE-A360-717E1617E131}.Debug|Any CPU.Build.0 = Debug|Any CPU
		{30AF4E57-D3F4-5FEE-A360-717E1617E131}.Release|Any CPU.ActiveCfg = Release|Any CPU
		{30AF4E57-D3F4-5FEE-A360-717E1617E131}.Release|Any CPU.Build.0 = Release|Any CPU
	EndGlobalSection
	GlobalSection(SolutionProperties) = preSolution
		HideSolutionNode = FALSE
	EndGlobalSection
EndGlobal
